
Microsoft Visual Studio Solution File, Format Version 12.00
# Visual Studio Version 17
VisualStudioVersion = 17.9.34714.143
MinimumVisualStudioVersion = 10.0.40219.1
Project("{FAE04EC0-301F-11D3-BF4B-00C04F79EFBC}") = "Bsit2-1ScheduleManagementSystem", "Bsit2-1ScheduleManagementSystem\Bsit2-1ScheduleManagementSystem.csproj", "{B8904BC8-B5BF-499F-9BDD-19B04C1ED00C}"
EndProject
Project("{FAE04EC0-301F-11D3-BF4B-00C04F79EFBC}") = "Bsit2-1StudentVerify", "Bsit2-1StudentVerify\Bsit2-1StudentVerify.csproj", "{9CA265FC-1B88-4A8D-883C-6E3B719F047B}"
EndProject
Project("{FAE04EC0-301F-11D3-BF4B-00C04F79EFBC}") = "Bsit2-1ScheduleData", "Bsit2-1ScheduleData\Bsit2-1ScheduleData.csproj", "{8E936DB5-0F8F-46BE-830D-37C053979065}"
EndProject
Global
	GlobalSection(SolutionConfigurationPlatforms) = preSolution
		Debug|Any CPU = Debug|Any CPU
		Release|Any CPU = Release|Any CPU
	EndGlobalSection
	GlobalSection(ProjectConfigurationPlatforms) = postSolution
		{B8904BC8-B5BF-499F-9BDD-19B04C1ED00C}.Debug|Any CPU.ActiveCfg = Debug|Any CPU
		{B8904BC8-B5BF-499F-9BDD-19B04C1ED00C}.Debug|Any CPU.Build.0 = Debug|Any CPU
		{B8904BC8-B5BF-499F-9BDD-19B04C1ED00C}.Release|Any CPU.ActiveCfg = Release|Any CPU
		{B8904BC8-B5BF-499F-9BDD-19B04C1ED00C}.Release|Any CPU.Build.0 = Release|Any CPU
		{9CA265FC-1B88-4A8D-883C-6E3B719F047B}.Debug|Any CPU.ActiveCfg = Debug|Any CPU
		{9CA265FC-1B88-4A8D-883C-6E3B719F047B}.Debug|Any CPU.Build.0 = Debug|Any CPU
		{9CA265FC-1B88-4A8D-883C-6E3B719F047B}.Release|Any CPU.ActiveCfg = Release|Any CPU
		{9CA265FC-1B88-4A8D-883C-6E3B719F047B}.Release|Any CPU.Build.0 = Release|Any CPU
		{8E936DB5-0F8F-46BE-830D-37C053979065}.Debug|Any CPU.ActiveCfg = Debug|Any CPU
		{8E936DB5-0F8F-46BE-830D-37C053979065}.Debug|Any CPU.Build.0 = Debug|Any CPU
		{8E936DB5-0F8F-46BE-830D-37C053979065}.Release|Any CPU.ActiveCfg = Release|Any CPU
		{8E936DB5-0F8F-46BE-830D-37C053979065}.Release|Any CPU.Build.0 = Release|Any CPU
	EndGlobalSection
	GlobalSection(SolutionProperties) = preSolution
		HideSolutionNode = FALSE
	EndGlobalSection
	GlobalSection(ExtensibilityGlobals) = postSolution
		SolutionGuid = {BCDAF4BB-F0D6-4DAF-8476-CB39D2A64162}
	EndGlobalSection
EndGlobal
